
Microsoft Visual Studio Solution File, Format Version 12.00
# Visual Studio Version 16
VisualStudioVersion = 16.0.28803.916
MinimumVisualStudioVersion = 10.0.40219.1
Project("{FAE04EC0-301F-11D3-BF4B-00C04F79EFBC}") = "EXE_CSharp_09", "EXE_CSharp_09\EXE_CSharp_09.csproj", "{8DB694B4-EF2D-4CEC-9DD9-88A2BBE06A6D}"
EndProject
Global
	GlobalSection(SolutionConfigurationPlatforms) = preSolution
		Debug|Any CPU = Debug|Any CPU
		Release|Any CPU = Release|Any CPU
	EndGlobalSection
	GlobalSection(ProjectConfigurationPlatforms) = postSolution
		{8DB694B4-EF2D-4CEC-9DD9-88A2BBE06A6D}.Debug|Any CPU.ActiveCfg = Debug|Any CPU
		{8DB694B4-EF2D-4CEC-9DD9-88A2BBE06A6D}.Debug|Any CPU.Build.0 = Debug|Any CPU
		{8DB694B4-EF2D-4CEC-9DD9-88A2BBE06A6D}.Release|Any CPU.ActiveCfg = Release|Any CPU
		{8DB694B4-EF2D-4CEC-9DD9-88A2BBE06A6D}.Release|Any CPU.Build.0 = Release|Any CPU
	EndGlobalSection
	GlobalSection(SolutionProperties) = preSolution
		HideSolutionNode = FALSE
	EndGlobalSection
	GlobalSection(ExtensibilityGlobals) = postSolution
		SolutionGuid = {7CA15D7B-7FB9-4626-B785-1DA071506356}
	EndGlobalSection
EndGlobal
