
Microsoft Visual Studio Solution File, Format Version 12.00
# Visual Studio Version 17
VisualStudioVersion = 17.2.32630.192
MinimumVisualStudioVersion = 10.0.40219.1
Project("{FAE04EC0-301F-11D3-BF4B-00C04F79EFBC}") = "EXE_CSharp_10", "EXE_CSharp_10\EXE_CSharp_10.csproj", "{B185269E-133B-4017-8F6A-A81B4A94212A}"
EndProject
Global
	GlobalSection(SolutionConfigurationPlatforms) = preSolution
		Debug|Any CPU = Debug|Any CPU
		Release|Any CPU = Release|Any CPU
	EndGlobalSection
	GlobalSection(ProjectConfigurationPlatforms) = postSolution
		{B185269E-133B-4017-8F6A-A81B4A94212A}.Debug|Any CPU.ActiveCfg = Debug|Any CPU
		{B185269E-133B-4017-8F6A-A81B4A94212A}.Debug|Any CPU.Build.0 = Debug|Any CPU
		{B185269E-133B-4017-8F6A-A81B4A94212A}.Release|Any CPU.ActiveCfg = Release|Any CPU
		{B185269E-133B-4017-8F6A-A81B4A94212A}.Release|Any CPU.Build.0 = Release|Any CPU
	EndGlobalSection
	GlobalSection(SolutionProperties) = preSolution
		HideSolutionNode = FALSE
	EndGlobalSection
	GlobalSection(ExtensibilityGlobals) = postSolution
		SolutionGuid = {051FCE5C-67E5-4BA8-A5EF-EA67454C14EA}
	EndGlobalSection
EndGlobal
